<?xml version="1.0" encoding="utf-8"?>
<Project ToolsVersion="4.0" xmlns="http://schemas.microsoft.com/developer/msbuild/2003">
  <ItemGroup>
    <Filter Include="ソース ファイル">
      <UniqueIdentifier>{4FC737F1-C7A5-4376-A066-2A32D752A2FF}</UniqueIdentifier>
      <Extensions>cpp;c;cc;cxx;c++;cppm;ixx;def;odl;idl;hpj;bat;asm;asmx</Extensions>
    </Filter>
    <Filter Include="ヘッダー ファイル">
      <UniqueIdentifier>{93995380-89BD-4b04-88EB-625FBE52EBFB}</UniqueIdentifier>
      <Extensions>h;hh;hpp;hxx;h++;hm;inl;inc;ipp;xsd</Extensions>
    </Filter>
    <Filter Include="リソース ファイル">
      <UniqueIdentifier>{67DA6AB6-F800-4c08-8B7A-83BB121AAD01}</UniqueIdentifier>
      <Extensions>rc;ico;cur;bmp;dlg;rc2;rct;bin;rgs;gif;jpg;jpeg;jpe;resx;tiff;tif;png;wav;mfcribbon-ms</Extensions>
    </Filter>
    <Filter Include="Base">
      <UniqueIdentifier>{22ca3446-d49f-4fb7-86de-a17192c5e0ae}</UniqueIdentifier>
    </Filter>
    <Filter Include="Base\.cpp">
      <UniqueIdentifier>{f387d0b7-97df-4e23-aaa9-879f324445e8}</UniqueIdentifier>
    </Filter>
    <Filter Include="Base\.h">
      <UniqueIdentifier>{0ab582b9-b227-4ec8-8c00-d39cba99c738}</UniqueIdentifier>
    </Filter>
    <Filter Include="ソース ファイル\2D">
      <UniqueIdentifier>{e3a36ca7-9b37-484e-b9bd-23e7a3fb2577}</UniqueIdentifier>
    </Filter>
    <Filter Include="ソース ファイル\3D">
      <UniqueIdentifier>{c00f09bb-1316-4fe6-b313-3635a352e71e}</UniqueIdentifier>
    </Filter>
    <Filter Include="ソース ファイル\math">
      <UniqueIdentifier>{ecb2f30a-d811-481d-9d4d-6c9e128d17e1}</UniqueIdentifier>
    </Filter>
    <Filter Include="ソース ファイル\Particle">
      <UniqueIdentifier>{66fe998f-794b-4088-aa93-77234b732653}</UniqueIdentifier>
    </Filter>
    <Filter Include="ソース ファイル\scene">
      <UniqueIdentifier>{3562b11c-5674-4b97-b9e3-8088c239c238}</UniqueIdentifier>
    </Filter>
    <Filter Include="ヘッダー ファイル\Particle">
      <UniqueIdentifier>{fcfbf622-8550-4be2-be01-a050544b8c2c}</UniqueIdentifier>
    </Filter>
    <Filter Include="ヘッダー ファイル\scene">
      <UniqueIdentifier>{f2415b6a-0347-488e-8a73-484b319e3b9b}</UniqueIdentifier>
    </Filter>
    <Filter Include="シェーダーファイル">
      <UniqueIdentifier>{6470cfe0-404c-4c74-b65a-1f3bc54d70bb}</UniqueIdentifier>
    </Filter>
    <Filter Include="ヘッダー ファイル\2D">
      <UniqueIdentifier>{61e683f7-4e49-4595-a587-472621a24ea6}</UniqueIdentifier>
    </Filter>
    <Filter Include="ヘッダー ファイル\3D">
      <UniqueIdentifier>{416566b4-8cd3-4cef-abed-96515aff7cea}</UniqueIdentifier>
    </Filter>
    <Filter Include="ヘッダー ファイル\math">
      <UniqueIdentifier>{a84848a6-d6a9-4bda-8985-b1356d029920}</UniqueIdentifier>
    </Filter>
    <Filter Include="ソース ファイル\FBX">
      <UniqueIdentifier>{8f65eccf-4ff9-4643-b9f9-632bd3136876}</UniqueIdentifier>
    </Filter>
    <Filter Include="ヘッダー ファイル\FBX">
      <UniqueIdentifier>{7bfa3e61-5462-44ee-ad26-feed01b82e3f}</UniqueIdentifier>
    </Filter>
  </ItemGroup>
  <ItemGroup>
    <ClCompile Include="main.cpp">
      <Filter>ソース ファイル</Filter>
    </ClCompile>
    <ClCompile Include="Base\DirectXCommon.cpp">
      <Filter>Base\.cpp</Filter>
    </ClCompile>
    <ClCompile Include="Base\FPS.cpp">
      <Filter>Base\.cpp</Filter>
    </ClCompile>
    <ClCompile Include="Base\Input.cpp">
      <Filter>Base\.cpp</Filter>
    </ClCompile>
    <ClCompile Include="Base\WinApp.cpp">
      <Filter>Base\.cpp</Filter>
    </ClCompile>
    <ClCompile Include="2D\Sprite.cpp">
      <Filter>ソース ファイル\2D</Filter>
    </ClCompile>
    <ClCompile Include="3D\Camera.cpp">
      <Filter>ソース ファイル\3D</Filter>
    </ClCompile>
    <ClCompile Include="3D\Light.cpp">
      <Filter>ソース ファイル\3D</Filter>
    </ClCompile>
    <ClCompile Include="3D\Material.cpp">
      <Filter>ソース ファイル\3D</Filter>
    </ClCompile>
    <ClCompile Include="3D\Mesh.cpp">
      <Filter>ソース ファイル\3D</Filter>
    </ClCompile>
    <ClCompile Include="3D\Model.cpp">
      <Filter>ソース ファイル\3D</Filter>
    </ClCompile>
    <ClCompile Include="3D\Object3d.cpp">
      <Filter>ソース ファイル\3D</Filter>
    </ClCompile>
    <ClCompile Include="Math\Matrix4.cpp">
      <Filter>ソース ファイル\math</Filter>
    </ClCompile>
    <ClCompile Include="Math\MyMath.cpp">
      <Filter>ソース ファイル\math</Filter>
    </ClCompile>
    <ClCompile Include="Math\Vector2.cpp">
      <Filter>ソース ファイル\math</Filter>
    </ClCompile>
    <ClCompile Include="Math\Vector3.cpp">
      <Filter>ソース ファイル\math</Filter>
    </ClCompile>
    <ClCompile Include="Scene\gameScene.cpp">
      <Filter>ソース ファイル\scene</Filter>
    </ClCompile>
    <ClCompile Include="Particle\ParticleManager.cpp">
      <Filter>ソース ファイル\Particle</Filter>
    </ClCompile>
    <ClCompile Include="FBX\FbxLoader.cpp">
      <Filter>ソース ファイル\FBX</Filter>
    </ClCompile>
    <ClCompile Include="FBX\FbxModel.cpp">
      <Filter>ソース ファイル\FBX</Filter>
    </ClCompile>
  </ItemGroup>
  <ItemGroup>
    <ClInclude Include="Base\DirectXCommon.h">
      <Filter>Base\.h</Filter>
    </ClInclude>
    <ClInclude Include="Base\ErrorException.h">
      <Filter>Base\.h</Filter>
    </ClInclude>
    <ClInclude Include="Base\FPS.h">
      <Filter>Base\.h</Filter>
    </ClInclude>
    <ClInclude Include="Base\Input.h">
      <Filter>Base\.h</Filter>
    </ClInclude>
    <ClInclude Include="Base\WinApp.h">
      <Filter>Base\.h</Filter>
    </ClInclude>
    <ClInclude Include="3D\Camera.h">
      <Filter>ヘッダー ファイル\3D</Filter>
    </ClInclude>
    <ClInclude Include="3D\Light.h">
      <Filter>ヘッダー ファイル\3D</Filter>
    </ClInclude>
    <ClInclude Include="3D\Material.h">
      <Filter>ヘッダー ファイル\3D</Filter>
    </ClInclude>
    <ClInclude Include="3D\Mesh.h">
      <Filter>ヘッダー ファイル\3D</Filter>
    </ClInclude>
    <ClInclude Include="3D\Model.h">
      <Filter>ヘッダー ファイル\3D</Filter>
    </ClInclude>
    <ClInclude Include="3D\Object3d.h">
      <Filter>ヘッダー ファイル\3D</Filter>
    </ClInclude>
    <ClInclude Include="2D\Sprite.h">
      <Filter>ヘッダー ファイル\2D</Filter>
    </ClInclude>
    <ClInclude Include="Math\Matrix4.h">
      <Filter>ヘッダー ファイル\math</Filter>
    </ClInclude>
    <ClInclude Include="Math\MyMath.h">
      <Filter>ヘッダー ファイル\math</Filter>
    </ClInclude>
    <ClInclude Include="Math\Vector2.h">
      <Filter>ヘッダー ファイル\math</Filter>
    </ClInclude>
    <ClInclude Include="Math\Vector3.h">
      <Filter>ヘッダー ファイル\math</Filter>
    </ClInclude>
    <ClInclude Include="Scene\gameScene.h">
      <Filter>ヘッダー ファイル\scene</Filter>
    </ClInclude>
    <ClInclude Include="Particle\ParticleManager.h">
      <Filter>ヘッダー ファイル\Particle</Filter>
    </ClInclude>
    <ClInclude Include="FBX\FbxLoader.h">
      <Filter>ヘッダー ファイル\FBX</Filter>
    </ClInclude>
    <ClInclude Include="FBX\FbxModel.h">
      <Filter>ヘッダー ファイル\FBX</Filter>
    </ClInclude>
  </ItemGroup>
  <ItemGroup>
    <FxCompile Include="Resources\shaders\OBJPixelShader.hlsl">
      <Filter>シェーダーファイル</Filter>
    </FxCompile>
    <FxCompile Include="Resources\shaders\OBJVertexShader.hlsl">
      <Filter>シェーダーファイル</Filter>
    </FxCompile>
    <FxCompile Include="Resources\shaders\ParticlePS.hlsl">
      <Filter>シェーダーファイル</Filter>
    </FxCompile>
    <FxCompile Include="Resources\shaders\ParticleVS.hlsl">
      <Filter>シェーダーファイル</Filter>
    </FxCompile>
    <FxCompile Include="Resources\shaders\SpritePS.hlsl">
      <Filter>シェーダーファイル</Filter>
    </FxCompile>
    <FxCompile Include="Resources\shaders\SpriteVS.hlsl">
      <Filter>シェーダーファイル</Filter>
    </FxCompile>
  </ItemGroup>
  <ItemGroup>
    <None Include="Resources\shaders\OBJShaderHeader.hlsli">
      <Filter>シェーダーファイル</Filter>
    </None>
    <None Include="Resources\shaders\ParticleShader.hlsli">
      <Filter>シェーダーファイル</Filter>
    </None>
    <None Include="Resources\shaders\Sprite.hlsli">
      <Filter>シェーダーファイル</Filter>
    </None>
  </ItemGroup>
</Project>